# Generated by buf. DO NOT EDIT.
version: v2
deps:
  - name: buf.build/googleapis/googleapis
    commit: e7f8d366f5264595bcc4cd4139af9973
    digest: b5:0cd69a689ee320ed815663d57d1bc3a1d6823224a7a717d46fee3a68197c25a6f5f932c0b0e49f8370c70c247a6635969a6a54af5345cafd51e0667298768aca
  - name: buf.build/grpc/grpc
    commit: 6b465f79a38c4b8fb79a16e00d5721c5
    digest: b5:24490539afee77935a7bcfa1d9dc7e4cfbf1dfba75a89c72f2ea1ef1b753575479018e0e1ad529906f9856d48865311829df987848a2496814901b7be0e7e27c
